
Microsoft Visual Studio Solution File, Format Version 12.00
# Visual Studio Version 17
VisualStudioVersion = 17.5.33530.505
MinimumVisualStudioVersion = 10.0.40219.1
Project("{2150E333-8FDC-42A3-9474-1A3956D46DE8}") = "SSAFY", "SSAFY", "{5CDC0EC2-1196-41E5-AA5F-6C43D7F98662}"
EndProject
Project("{8BC9CEB8-8B4A-11D0-8D11-00A0C91BC942}") = "1MooTube", "1MooTube\1MooTube.vcxproj", "{523FCA1A-B21F-4591-BA3E-4DA542002DC0}"
EndProject
Project("{8BC9CEB8-8B4A-11D0-8D11-00A0C91BC942}") = "2문자열교환", "2문자열교환\2문자열교환.vcxproj", "{77C8A97B-5455-4B5D-9820-C77886821DED}"
EndProject
Project("{8BC9CEB8-8B4A-11D0-8D11-00A0C91BC942}") = "3물대기", "3물대기\3물대기.vcxproj", "{EFE797C8-E62F-4A16-96F5-F76C4FB8C7E6}"
EndProject
Global
	GlobalSection(SolutionConfigurationPlatforms) = preSolution
		Debug|ARM = Debug|ARM
		Debug|ARM64 = Debug|ARM64
		Debug|x64 = Debug|x64
		Debug|x86 = Debug|x86
		Release|ARM = Release|ARM
		Release|ARM64 = Release|ARM64
		Release|x64 = Release|x64
		Release|x86 = Release|x86
	EndGlobalSection
	GlobalSection(ProjectConfigurationPlatforms) = postSolution
		{523FCA1A-B21F-4591-BA3E-4DA542002DC0}.Debug|ARM.ActiveCfg = Debug|x64
		{523FCA1A-B21F-4591-BA3E-4DA542002DC0}.Debug|ARM.Build.0 = Debug|x64
		{523FCA1A-B21F-4591-BA3E-4DA542002DC0}.Debug|ARM64.ActiveCfg = Debug|x64
		{523FCA1A-B21F-4591-BA3E-4DA542002DC0}.Debug|ARM64.Build.0 = Debug|x64
		{523FCA1A-B21F-4591-BA3E-4DA542002DC0}.Debug|x64.ActiveCfg = Debug|x64
		{523FCA1A-B21F-4591-BA3E-4DA542002DC0}.Debug|x64.Build.0 = Debug|x64
		{523FCA1A-B21F-4591-BA3E-4DA542002DC0}.Debug|x86.ActiveCfg = Debug|Win32
		{523FCA1A-B21F-4591-BA3E-4DA542002DC0}.Debug|x86.Build.0 = Debug|Win32
		{523FCA1A-B21F-4591-BA3E-4DA542002DC0}.Release|ARM.ActiveCfg = Release|x64
		{523FCA1A-B21F-4591-BA3E-4DA542002DC0}.Release|ARM.Build.0 = Release|x64
		{523FCA1A-B21F-4591-BA3E-4DA542002DC0}.Release|ARM64.ActiveCfg = Release|x64
		{523FCA1A-B21F-4591-BA3E-4DA542002DC0}.Release|ARM64.Build.0 = Release|x64
		{523FCA1A-B21F-4591-BA3E-4DA542002DC0}.Release|x64.ActiveCfg = Release|x64
		{523FCA1A-B21F-4591-BA3E-4DA542002DC0}.Release|x64.Build.0 = Release|x64
		{523FCA1A-B21F-4591-BA3E-4DA542002DC0}.Release|x86.ActiveCfg = Release|Win32
		{523FCA1A-B21F-4591-BA3E-4DA542002DC0}.Release|x86.Build.0 = Release|Win32
		{77C8A97B-5455-4B5D-9820-C77886821DED}.Debug|ARM.ActiveCfg = Debug|x64
		{77C8A97B-5455-4B5D-9820-C77886821DED}.Debug|ARM.Build.0 = Debug|x64
		{77C8A97B-5455-4B5D-9820-C77886821DED}.Debug|ARM64.ActiveCfg = Debug|x64
		{77C8A97B-5455-4B5D-9820-C77886821DED}.Debug|ARM64.Build.0 = Debug|x64
		{77C8A97B-5455-4B5D-9820-C77886821DED}.Debug|x64.ActiveCfg = Debug|x64
		{77C8A97B-5455-4B5D-9820-C77886821DED}.Debug|x64.Build.0 = Debug|x64
		{77C8A97B-5455-4B5D-9820-C77886821DED}.Debug|x86.ActiveCfg = Debug|Win32
		{77C8A97B-5455-4B5D-9820-C77886821DED}.Debug|x86.Build.0 = Debug|Win32
		{77C8A97B-5455-4B5D-9820-C77886821DED}.Release|ARM.ActiveCfg = Release|x64
		{77C8A97B-5455-4B5D-9820-C77886821DED}.Release|ARM.Build.0 = Release|x64
		{77C8A97B-5455-4B5D-9820-C77886821DED}.Release|ARM64.ActiveCfg = Release|x64
		{77C8A97B-5455-4B5D-9820-C77886821DED}.Release|ARM64.Build.0 = Release|x64
		{77C8A97B-5455-4B5D-9820-C77886821DED}.Release|x64.ActiveCfg = Release|x64
		{77C8A97B-5455-4B5D-9820-C77886821DED}.Release|x64.Build.0 = Release|x64
		{77C8A97B-5455-4B5D-9820-C77886821DED}.Release|x86.ActiveCfg = Release|Win32
		{77C8A97B-5455-4B5D-9820-C77886821DED}.Release|x86.Build.0 = Release|Win32
		{EFE797C8-E62F-4A16-96F5-F76C4FB8C7E6}.Debug|ARM.ActiveCfg = Debug|x64
		{EFE797C8-E62F-4A16-96F5-F76C4FB8C7E6}.Debug|ARM.Build.0 = Debug|x64
		{EFE797C8-E62F-4A16-96F5-F76C4FB8C7E6}.Debug|ARM64.ActiveCfg = Debug|x64
		{EFE797C8-E62F-4A16-96F5-F76C4FB8C7E6}.Debug|ARM64.Build.0 = Debug|x64
		{EFE797C8-E62F-4A16-96F5-F76C4FB8C7E6}.Debug|x64.ActiveCfg = Debug|x64
		{EFE797C8-E62F-4A16-96F5-F76C4FB8C7E6}.Debug|x64.Build.0 = Debug|x64
		{EFE797C8-E62F-4A16-96F5-F76C4FB8C7E6}.Debug|x86.ActiveCfg = Debug|Win32
		{EFE797C8-E62F-4A16-96F5-F76C4FB8C7E6}.Debug|x86.Build.0 = Debug|Win32
		{EFE797C8-E62F-4A16-96F5-F76C4FB8C7E6}.Release|ARM.ActiveCfg = Release|x64
		{EFE797C8-E62F-4A16-96F5-F76C4FB8C7E6}.Release|ARM.Build.0 = Release|x64
		{EFE797C8-E62F-4A16-96F5-F76C4FB8C7E6}.Release|ARM64.ActiveCfg = Release|x64
		{EFE797C8-E62F-4A16-96F5-F76C4FB8C7E6}.Release|ARM64.Build.0 = Release|x64
		{EFE797C8-E62F-4A16-96F5-F76C4FB8C7E6}.Release|x64.ActiveCfg = Release|x64
		{EFE797C8-E62F-4A16-96F5-F76C4FB8C7E6}.Release|x64.Build.0 = Release|x64
		{EFE797C8-E62F-4A16-96F5-F76C4FB8C7E6}.Release|x86.ActiveCfg = Release|Win32
		{EFE797C8-E62F-4A16-96F5-F76C4FB8C7E6}.Release|x86.Build.0 = Release|Win32
	EndGlobalSection
	GlobalSection(SolutionProperties) = preSolution
		HideSolutionNode = FALSE
	EndGlobalSection
	GlobalSection(NestedProjects) = preSolution
		{523FCA1A-B21F-4591-BA3E-4DA542002DC0} = {5CDC0EC2-1196-41E5-AA5F-6C43D7F98662}
		{77C8A97B-5455-4B5D-9820-C77886821DED} = {5CDC0EC2-1196-41E5-AA5F-6C43D7F98662}
		{EFE797C8-E62F-4A16-96F5-F76C4FB8C7E6} = {5CDC0EC2-1196-41E5-AA5F-6C43D7F98662}
	EndGlobalSection
	GlobalSection(ExtensibilityGlobals) = postSolution
		SolutionGuid = {C403E221-47B0-4B57-8BCC-3611598EA14F}
	EndGlobalSection
EndGlobal
