
Microsoft Visual Studio Solution File, Format Version 12.00
# Visual Studio Version 17
VisualStudioVersion = 17.7.34221.43
MinimumVisualStudioVersion = 10.0.40219.1
Project("{8BC9CEB8-8B4A-11D0-8D11-00A0C91BC942}") = "5_simulation2_dxdy_12", "5_simulation2_dxdy_12\5_simulation2_dxdy_12.vcxproj", "{0EA234E4-D320-47AB-9DE4-CF0328EB672C}"
EndProject
Project("{8BC9CEB8-8B4A-11D0-8D11-00A0C91BC942}") = "5_simulation2_dxdy_13", "5_simulation2_dxdy_13\5_simulation2_dxdy_13.vcxproj", "{75BBFEB7-BC16-4C31-9BA2-9B6E94EDE67B}"
EndProject
Project("{8BC9CEB8-8B4A-11D0-8D11-00A0C91BC942}") = "6_ExhaustiveSearch_digit_1", "6_ExhaustiveSearch_digit_1\6_ExhaustiveSearch_digit_1.vcxproj", "{EBE36ABF-03BC-4315-A715-A28F029D9017}"
EndProject
Project("{8BC9CEB8-8B4A-11D0-8D11-00A0C91BC942}") = "6_ExhaustiveSearch_digit_2", "6_ExhaustiveSearch_digit_2\6_ExhaustiveSearch_digit_2.vcxproj", "{8CF8BAA5-940E-4321-A141-BD0789E47F8C}"
EndProject
Project("{8BC9CEB8-8B4A-11D0-8D11-00A0C91BC942}") = "6_ExhaustiveSearch_digit_3", "6_ExhaustiveSearch_digit_3\6_ExhaustiveSearch_digit_3.vcxproj", "{94ACC94F-3A15-401C-9145-5DB478000037}"
EndProject
Project("{8BC9CEB8-8B4A-11D0-8D11-00A0C91BC942}") = "6_ExhaustiveSearch_digit_4", "6_ExhaustiveSearch_digit_4\6_ExhaustiveSearch_digit_4.vcxproj", "{AD5AF819-4C09-4F6B-8B42-29F5916DC68A}"
EndProject
Project("{8BC9CEB8-8B4A-11D0-8D11-00A0C91BC942}") = "6_ExhaustiveSearch_digit_5", "6_ExhaustiveSearch_digit_5\6_ExhaustiveSearch_digit_5.vcxproj", "{87BAF774-A094-424A-9223-581F3FA1BF56}"
EndProject
Project("{8BC9CEB8-8B4A-11D0-8D11-00A0C91BC942}") = "6_ExhaustiveSearch_digit_6", "6_ExhaustiveSearch_digit_6\6_ExhaustiveSearch_digit_6.vcxproj", "{5C635794-8525-4497-9DE9-4A4AAB204031}"
EndProject
Project("{8BC9CEB8-8B4A-11D0-8D11-00A0C91BC942}") = "6_ExhaustiveSearch_digit_7", "6_ExhaustiveSearch_digit_7\6_ExhaustiveSearch_digit_7.vcxproj", "{6BCC7D37-65B2-4AA1-9414-157DB5DC492A}"
EndProject
Project("{8BC9CEB8-8B4A-11D0-8D11-00A0C91BC942}") = "6_ExhaustiveSearch_digit_8", "6_ExhaustiveSearch_digit_8\6_ExhaustiveSearch_digit_8.vcxproj", "{43D7C757-F370-4E1F-9536-C3DA14DA47C4}"
EndProject
Project("{8BC9CEB8-8B4A-11D0-8D11-00A0C91BC942}") = "6_ExhaustiveSearch_digit_9", "6_ExhaustiveSearch_digit_9\6_ExhaustiveSearch_digit_9.vcxproj", "{DA116FBF-A63E-4D20-963B-7BAD03AD28DA}"
EndProject
Project("{8BC9CEB8-8B4A-11D0-8D11-00A0C91BC942}") = "6_ExhaustiveSearch_digit_10", "6_ExhaustiveSearch_digit_10\6_ExhaustiveSearch_digit_10.vcxproj", "{B0CDEDF3-001E-462E-82F7-85765F092320}"
EndProject
Project("{8BC9CEB8-8B4A-11D0-8D11-00A0C91BC942}") = "6_ExhaustiveSearch_digit_11", "6_ExhaustiveSearch_digit_11\6_ExhaustiveSearch_digit_11.vcxproj", "{25C7AC6B-206B-45AF-871C-776A94E11B8A}"
EndProject
Project("{8BC9CEB8-8B4A-11D0-8D11-00A0C91BC942}") = "6_ExhaustiveSearch_digit_14", "6_ExhaustiveSearch_digit_14\6_ExhaustiveSearch_digit_14.vcxproj", "{53AB59F4-7015-4818-ACAA-EB538DD504D2}"
EndProject
Project("{8BC9CEB8-8B4A-11D0-8D11-00A0C91BC942}") = "6_ExhaustiveSearch_digit_15", "6_ExhaustiveSearch_digit_15\6_ExhaustiveSearch_digit_15.vcxproj", "{542CAC83-ACCB-432C-8F6E-A954721A60AA}"
EndProject
Project("{8BC9CEB8-8B4A-11D0-8D11-00A0C91BC942}") = "6_ExhaustiveSearch_digit_16", "6_ExhaustiveSearch_digit_16\6_ExhaustiveSearch_digit_16.vcxproj", "{F9C9F745-26FC-4240-8951-100E90AB15B3}"
EndProject
Project("{8BC9CEB8-8B4A-11D0-8D11-00A0C91BC942}") = "6_ExhaustiveSearch_digit_17", "6_ExhaustiveSearch_digit_17\6_ExhaustiveSearch_digit_17.vcxproj", "{DFEE21A9-E559-4471-A5DF-8A89B7442F5E}"
EndProject
Project("{8BC9CEB8-8B4A-11D0-8D11-00A0C91BC942}") = "6_ExhaustiveSearch_digit_18", "6_ExhaustiveSearch_digit_18\6_ExhaustiveSearch_digit_18.vcxproj", "{B11A8C43-60A7-4E4E-A70F-AA3BFA85EAB4}"
EndProject
Project("{8BC9CEB8-8B4A-11D0-8D11-00A0C91BC942}") = "6_ExhaustiveSearch_scope_1", "6_ExhaustiveSearch_scope_1\6_ExhaustiveSearch_scope_1.vcxproj", "{66353ACE-6458-4C35-82A8-7527BCA4C057}"
EndProject
Project("{8BC9CEB8-8B4A-11D0-8D11-00A0C91BC942}") = "6_ExhaustiveSearch_scope_2", "6_ExhaustiveSearch_scope_2\6_ExhaustiveSearch_scope_2.vcxproj", "{8DEDD755-670A-42D4-B128-AB455CC5841E}"
EndProject
Project("{8BC9CEB8-8B4A-11D0-8D11-00A0C91BC942}") = "6_ExhaustiveSearch_scope_3", "6_ExhaustiveSearch_scope_3\6_ExhaustiveSearch_scope_3.vcxproj", "{E05407E2-FAE8-46CC-8EEF-E254C133F099}"
EndProject
Project("{8BC9CEB8-8B4A-11D0-8D11-00A0C91BC942}") = "6_ExhaustiveSearch_scope_4", "6_ExhaustiveSearch_scope_4\6_ExhaustiveSearch_scope_4.vcxproj", "{BD81E7CC-3785-4E3F-8E83-652176DEBC2A}"
EndProject
Project("{8BC9CEB8-8B4A-11D0-8D11-00A0C91BC942}") = "6_ExhaustiveSearch_scope_5", "6_ExhaustiveSearch_scope_5\6_ExhaustiveSearch_scope_5.vcxproj", "{BA4ABE9D-53A5-413E-892F-AF89771526F6}"
EndProject
Project("{8BC9CEB8-8B4A-11D0-8D11-00A0C91BC942}") = "6_ExhaustiveSearch_scope_6", "6_ExhaustiveSearch_scope_6\6_ExhaustiveSearch_scope_6.vcxproj", "{641F22B8-AA8C-46F9-823D-D7291E220E0B}"
EndProject
Global
	GlobalSection(SolutionConfigurationPlatforms) = preSolution
		Debug|x64 = Debug|x64
		Debug|x86 = Debug|x86
		Release|x64 = Release|x64
		Release|x86 = Release|x86
	EndGlobalSection
	GlobalSection(ProjectConfigurationPlatforms) = postSolution
		{0EA234E4-D320-47AB-9DE4-CF0328EB672C}.Debug|x64.ActiveCfg = Debug|x64
		{0EA234E4-D320-47AB-9DE4-CF0328EB672C}.Debug|x64.Build.0 = Debug|x64
		{0EA234E4-D320-47AB-9DE4-CF0328EB672C}.Debug|x86.ActiveCfg = Debug|Win32
		{0EA234E4-D320-47AB-9DE4-CF0328EB672C}.Debug|x86.Build.0 = Debug|Win32
		{0EA234E4-D320-47AB-9DE4-CF0328EB672C}.Release|x64.ActiveCfg = Release|x64
		{0EA234E4-D320-47AB-9DE4-CF0328EB672C}.Release|x64.Build.0 = Release|x64
		{0EA234E4-D320-47AB-9DE4-CF0328EB672C}.Release|x86.ActiveCfg = Release|Win32
		{0EA234E4-D320-47AB-9DE4-CF0328EB672C}.Release|x86.Build.0 = Release|Win32
		{75BBFEB7-BC16-4C31-9BA2-9B6E94EDE67B}.Debug|x64.ActiveCfg = Debug|x64
		{75BBFEB7-BC16-4C31-9BA2-9B6E94EDE67B}.Debug|x64.Build.0 = Debug|x64
		{75BBFEB7-BC16-4C31-9BA2-9B6E94EDE67B}.Debug|x86.ActiveCfg = Debug|Win32
		{75BBFEB7-BC16-4C31-9BA2-9B6E94EDE67B}.Debug|x86.Build.0 = Debug|Win32
		{75BBFEB7-BC16-4C31-9BA2-9B6E94EDE67B}.Release|x64.ActiveCfg = Release|x64
		{75BBFEB7-BC16-4C31-9BA2-9B6E94EDE67B}.Release|x64.Build.0 = Release|x64
		{75BBFEB7-BC16-4C31-9BA2-9B6E94EDE67B}.Release|x86.ActiveCfg = Release|Win32
		{75BBFEB7-BC16-4C31-9BA2-9B6E94EDE67B}.Release|x86.Build.0 = Release|Win32
		{EBE36ABF-03BC-4315-A715-A28F029D9017}.Debug|x64.ActiveCfg = Debug|x64
		{EBE36ABF-03BC-4315-A715-A28F029D9017}.Debug|x64.Build.0 = Debug|x64
		{EBE36ABF-03BC-4315-A715-A28F029D9017}.Debug|x86.ActiveCfg = Debug|Win32
		{EBE36ABF-03BC-4315-A715-A28F029D9017}.Debug|x86.Build.0 = Debug|Win32
		{EBE36ABF-03BC-4315-A715-A28F029D9017}.Release|x64.ActiveCfg = Release|x64
		{EBE36ABF-03BC-4315-A715-A28F029D9017}.Release|x64.Build.0 = Release|x64
		{EBE36ABF-03BC-4315-A715-A28F029D9017}.Release|x86.ActiveCfg = Release|Win32
		{EBE36ABF-03BC-4315-A715-A28F029D9017}.Release|x86.Build.0 = Release|Win32
		{8CF8BAA5-940E-4321-A141-BD0789E47F8C}.Debug|x64.ActiveCfg = Debug|x64
		{8CF8BAA5-940E-4321-A141-BD0789E47F8C}.Debug|x64.Build.0 = Debug|x64
		{8CF8BAA5-940E-4321-A141-BD0789E47F8C}.Debug|x86.ActiveCfg = Debug|Win32
		{8CF8BAA5-940E-4321-A141-BD0789E47F8C}.Debug|x86.Build.0 = Debug|Win32
		{8CF8BAA5-940E-4321-A141-BD0789E47F8C}.Release|x64.ActiveCfg = Release|x64
		{8CF8BAA5-940E-4321-A141-BD0789E47F8C}.Release|x64.Build.0 = Release|x64
		{8CF8BAA5-940E-4321-A141-BD0789E47F8C}.Release|x86.ActiveCfg = Release|Win32
		{8CF8BAA5-940E-4321-A141-BD0789E47F8C}.Release|x86.Build.0 = Release|Win32
		{94ACC94F-3A15-401C-9145-5DB478000037}.Debug|x64.ActiveCfg = Debug|x64
		{94ACC94F-3A15-401C-9145-5DB478000037}.Debug|x64.Build.0 = Debug|x64
		{94ACC94F-3A15-401C-9145-5DB478000037}.Debug|x86.ActiveCfg = Debug|Win32
		{94ACC94F-3A15-401C-9145-5DB478000037}.Debug|x86.Build.0 = Debug|Win32
		{94ACC94F-3A15-401C-9145-5DB478000037}.Release|x64.ActiveCfg = Release|x64
		{94ACC94F-3A15-401C-9145-5DB478000037}.Release|x64.Build.0 = Release|x64
		{94ACC94F-3A15-401C-9145-5DB478000037}.Release|x86.ActiveCfg = Release|Win32
		{94ACC94F-3A15-401C-9145-5DB478000037}.Release|x86.Build.0 = Release|Win32
		{AD5AF819-4C09-4F6B-8B42-29F5916DC68A}.Debug|x64.ActiveCfg = Debug|x64
		{AD5AF819-4C09-4F6B-8B42-29F5916DC68A}.Debug|x64.Build.0 = Debug|x64
		{AD5AF819-4C09-4F6B-8B42-29F5916DC68A}.Debug|x86.ActiveCfg = Debug|Win32
		{AD5AF819-4C09-4F6B-8B42-29F5916DC68A}.Debug|x86.Build.0 = Debug|Win32
		{AD5AF819-4C09-4F6B-8B42-29F5916DC68A}.Release|x64.ActiveCfg = Release|x64
		{AD5AF819-4C09-4F6B-8B42-29F5916DC68A}.Release|x64.Build.0 = Release|x64
		{AD5AF819-4C09-4F6B-8B42-29F5916DC68A}.Release|x86.ActiveCfg = Release|Win32
		{AD5AF819-4C09-4F6B-8B42-29F5916DC68A}.Release|x86.Build.0 = Release|Win32
		{87BAF774-A094-424A-9223-581F3FA1BF56}.Debug|x64.ActiveCfg = Debug|x64
		{87BAF774-A094-424A-9223-581F3FA1BF56}.Debug|x64.Build.0 = Debug|x64
		{87BAF774-A094-424A-9223-581F3FA1BF56}.Debug|x86.ActiveCfg = Debug|Win32
		{87BAF774-A094-424A-9223-581F3FA1BF56}.Debug|x86.Build.0 = Debug|Win32
		{87BAF774-A094-424A-9223-581F3FA1BF56}.Release|x64.ActiveCfg = Release|x64
		{87BAF774-A094-424A-9223-581F3FA1BF56}.Release|x64.Build.0 = Release|x64
		{87BAF774-A094-424A-9223-581F3FA1BF56}.Release|x86.ActiveCfg = Release|Win32
		{87BAF774-A094-424A-9223-581F3FA1BF56}.Release|x86.Build.0 = Release|Win32
		{5C635794-8525-4497-9DE9-4A4AAB204031}.Debug|x64.ActiveCfg = Debug|x64
		{5C635794-8525-4497-9DE9-4A4AAB204031}.Debug|x64.Build.0 = Debug|x64
		{5C635794-8525-4497-9DE9-4A4AAB204031}.Debug|x86.ActiveCfg = Debug|Win32
		{5C635794-8525-4497-9DE9-4A4AAB204031}.Debug|x86.Build.0 = Debug|Win32
		{5C635794-8525-4497-9DE9-4A4AAB204031}.Release|x64.ActiveCfg = Release|x64
		{5C635794-8525-4497-9DE9-4A4AAB204031}.Release|x64.Build.0 = Release|x64
		{5C635794-8525-4497-9DE9-4A4AAB204031}.Release|x86.ActiveCfg = Release|Win32
		{5C635794-8525-4497-9DE9-4A4AAB204031}.Release|x86.Build.0 = Release|Win32
		{6BCC7D37-65B2-4AA1-9414-157DB5DC492A}.Debug|x64.ActiveCfg = Debug|x64
		{6BCC7D37-65B2-4AA1-9414-157DB5DC492A}.Debug|x64.Build.0 = Debug|x64
		{6BCC7D37-65B2-4AA1-9414-157DB5DC492A}.Debug|x86.ActiveCfg = Debug|Win32
		{6BCC7D37-65B2-4AA1-9414-157DB5DC492A}.Debug|x86.Build.0 = Debug|Win32
		{6BCC7D37-65B2-4AA1-9414-157DB5DC492A}.Release|x64.ActiveCfg = Release|x64
		{6BCC7D37-65B2-4AA1-9414-157DB5DC492A}.Release|x64.Build.0 = Release|x64
		{6BCC7D37-65B2-4AA1-9414-157DB5DC492A}.Release|x86.ActiveCfg = Release|Win32
		{6BCC7D37-65B2-4AA1-9414-157DB5DC492A}.Release|x86.Build.0 = Release|Win32
		{43D7C757-F370-4E1F-9536-C3DA14DA47C4}.Debug|x64.ActiveCfg = Debug|x64
		{43D7C757-F370-4E1F-9536-C3DA14DA47C4}.Debug|x64.Build.0 = Debug|x64
		{43D7C757-F370-4E1F-9536-C3DA14DA47C4}.Debug|x86.ActiveCfg = Debug|Win32
		{43D7C757-F370-4E1F-9536-C3DA14DA47C4}.Debug|x86.Build.0 = Debug|Win32
		{43D7C757-F370-4E1F-9536-C3DA14DA47C4}.Release|x64.ActiveCfg = Release|x64
		{43D7C757-F370-4E1F-9536-C3DA14DA47C4}.Release|x64.Build.0 = Release|x64
		{43D7C757-F370-4E1F-9536-C3DA14DA47C4}.Release|x86.ActiveCfg = Release|Win32
		{43D7C757-F370-4E1F-9536-C3DA14DA47C4}.Release|x86.Build.0 = Release|Win32
		{DA116FBF-A63E-4D20-963B-7BAD03AD28DA}.Debug|x64.ActiveCfg = Debug|x64
		{DA116FBF-A63E-4D20-963B-7BAD03AD28DA}.Debug|x64.Build.0 = Debug|x64
		{DA116FBF-A63E-4D20-963B-7BAD03AD28DA}.Debug|x86.ActiveCfg = Debug|Win32
		{DA116FBF-A63E-4D20-963B-7BAD03AD28DA}.Debug|x86.Build.0 = Debug|Win32
		{DA116FBF-A63E-4D20-963B-7BAD03AD28DA}.Release|x64.ActiveCfg = Release|x64
		{DA116FBF-A63E-4D20-963B-7BAD03AD28DA}.Release|x64.Build.0 = Release|x64
		{DA116FBF-A63E-4D20-963B-7BAD03AD28DA}.Release|x86.ActiveCfg = Release|Win32
		{DA116FBF-A63E-4D20-963B-7BAD03AD28DA}.Release|x86.Build.0 = Release|Win32
		{B0CDEDF3-001E-462E-82F7-85765F092320}.Debug|x64.ActiveCfg = Debug|x64
		{B0CDEDF3-001E-462E-82F7-85765F092320}.Debug|x64.Build.0 = Debug|x64
		{B0CDEDF3-001E-462E-82F7-85765F092320}.Debug|x86.ActiveCfg = Debug|Win32
		{B0CDEDF3-001E-462E-82F7-85765F092320}.Debug|x86.Build.0 = Debug|Win32
		{B0CDEDF3-001E-462E-82F7-85765F092320}.Release|x64.ActiveCfg = Release|x64
		{B0CDEDF3-001E-462E-82F7-85765F092320}.Release|x64.Build.0 = Release|x64
		{B0CDEDF3-001E-462E-82F7-85765F092320}.Release|x86.ActiveCfg = Release|Win32
		{B0CDEDF3-001E-462E-82F7-85765F092320}.Release|x86.Build.0 = Release|Win32
		{25C7AC6B-206B-45AF-871C-776A94E11B8A}.Debug|x64.ActiveCfg = Debug|x64
		{25C7AC6B-206B-45AF-871C-776A94E11B8A}.Debug|x64.Build.0 = Debug|x64
		{25C7AC6B-206B-45AF-871C-776A94E11B8A}.Debug|x86.ActiveCfg = Debug|Win32
		{25C7AC6B-206B-45AF-871C-776A94E11B8A}.Debug|x86.Build.0 = Debug|Win32
		{25C7AC6B-206B-45AF-871C-776A94E11B8A}.Release|x64.ActiveCfg = Release|x64
		{25C7AC6B-206B-45AF-871C-776A94E11B8A}.Release|x64.Build.0 = Release|x64
		{25C7AC6B-206B-45AF-871C-776A94E11B8A}.Release|x86.ActiveCfg = Release|Win32
		{25C7AC6B-206B-45AF-871C-776A94E11B8A}.Release|x86.Build.0 = Release|Win32
		{53AB59F4-7015-4818-ACAA-EB538DD504D2}.Debug|x64.ActiveCfg = Debug|x64
		{53AB59F4-7015-4818-ACAA-EB538DD504D2}.Debug|x64.Build.0 = Debug|x64
		{53AB59F4-7015-4818-ACAA-EB538DD504D2}.Debug|x86.ActiveCfg = Debug|Win32
		{53AB59F4-7015-4818-ACAA-EB538DD504D2}.Debug|x86.Build.0 = Debug|Win32
		{53AB59F4-7015-4818-ACAA-EB538DD504D2}.Release|x64.ActiveCfg = Release|x64
		{53AB59F4-7015-4818-ACAA-EB538DD504D2}.Release|x64.Build.0 = Release|x64
		{53AB59F4-7015-4818-ACAA-EB538DD504D2}.Release|x86.ActiveCfg = Release|Win32
		{53AB59F4-7015-4818-ACAA-EB538DD504D2}.Release|x86.Build.0 = Release|Win32
		{542CAC83-ACCB-432C-8F6E-A954721A60AA}.Debug|x64.ActiveCfg = Debug|x64
		{542CAC83-ACCB-432C-8F6E-A954721A60AA}.Debug|x64.Build.0 = Debug|x64
		{542CAC83-ACCB-432C-8F6E-A954721A60AA}.Debug|x86.ActiveCfg = Debug|Win32
		{542CAC83-ACCB-432C-8F6E-A954721A60AA}.Debug|x86.Build.0 = Debug|Win32
		{542CAC83-ACCB-432C-8F6E-A954721A60AA}.Release|x64.ActiveCfg = Release|x64
		{542CAC83-ACCB-432C-8F6E-A954721A60AA}.Release|x64.Build.0 = Release|x64
		{542CAC83-ACCB-432C-8F6E-A954721A60AA}.Release|x86.ActiveCfg = Release|Win32
		{542CAC83-ACCB-432C-8F6E-A954721A60AA}.Release|x86.Build.0 = Release|Win32
		{F9C9F745-26FC-4240-8951-100E90AB15B3}.Debug|x64.ActiveCfg = Debug|x64
		{F9C9F745-26FC-4240-8951-100E90AB15B3}.Debug|x64.Build.0 = Debug|x64
		{F9C9F745-26FC-4240-8951-100E90AB15B3}.Debug|x86.ActiveCfg = Debug|Win32
		{F9C9F745-26FC-4240-8951-100E90AB15B3}.Debug|x86.Build.0 = Debug|Win32
		{F9C9F745-26FC-4240-8951-100E90AB15B3}.Release|x64.ActiveCfg = Release|x64
		{F9C9F745-26FC-4240-8951-100E90AB15B3}.Release|x64.Build.0 = Release|x64
		{F9C9F745-26FC-4240-8951-100E90AB15B3}.Release|x86.ActiveCfg = Release|Win32
		{F9C9F745-26FC-4240-8951-100E90AB15B3}.Release|x86.Build.0 = Release|Win32
		{DFEE21A9-E559-4471-A5DF-8A89B7442F5E}.Debug|x64.ActiveCfg = Debug|x64
		{DFEE21A9-E559-4471-A5DF-8A89B7442F5E}.Debug|x64.Build.0 = Debug|x64
		{DFEE21A9-E559-4471-A5DF-8A89B7442F5E}.Debug|x86.ActiveCfg = Debug|Win32
		{DFEE21A9-E559-4471-A5DF-8A89B7442F5E}.Debug|x86.Build.0 = Debug|Win32
		{DFEE21A9-E559-4471-A5DF-8A89B7442F5E}.Release|x64.ActiveCfg = Release|x64
		{DFEE21A9-E559-4471-A5DF-8A89B7442F5E}.Release|x64.Build.0 = Release|x64
		{DFEE21A9-E559-4471-A5DF-8A89B7442F5E}.Release|x86.ActiveCfg = Release|Win32
		{DFEE21A9-E559-4471-A5DF-8A89B7442F5E}.Release|x86.Build.0 = Release|Win32
		{B11A8C43-60A7-4E4E-A70F-AA3BFA85EAB4}.Debug|x64.ActiveCfg = Debug|x64
		{B11A8C43-60A7-4E4E-A70F-AA3BFA85EAB4}.Debug|x64.Build.0 = Debug|x64
		{B11A8C43-60A7-4E4E-A70F-AA3BFA85EAB4}.Debug|x86.ActiveCfg = Debug|Win32
		{B11A8C43-60A7-4E4E-A70F-AA3BFA85EAB4}.Debug|x86.Build.0 = Debug|Win32
		{B11A8C43-60A7-4E4E-A70F-AA3BFA85EAB4}.Release|x64.ActiveCfg = Release|x64
		{B11A8C43-60A7-4E4E-A70F-AA3BFA85EAB4}.Release|x64.Build.0 = Release|x64
		{B11A8C43-60A7-4E4E-A70F-AA3BFA85EAB4}.Release|x86.ActiveCfg = Release|Win32
		{B11A8C43-60A7-4E4E-A70F-AA3BFA85EAB4}.Release|x86.Build.0 = Release|Win32
		{66353ACE-6458-4C35-82A8-7527BCA4C057}.Debug|x64.ActiveCfg = Debug|x64
		{66353ACE-6458-4C35-82A8-7527BCA4C057}.Debug|x64.Build.0 = Debug|x64
		{66353ACE-6458-4C35-82A8-7527BCA4C057}.Debug|x86.ActiveCfg = Debug|Win32
		{66353ACE-6458-4C35-82A8-7527BCA4C057}.Debug|x86.Build.0 = Debug|Win32
		{66353ACE-6458-4C35-82A8-7527BCA4C057}.Release|x64.ActiveCfg = Release|x64
		{66353ACE-6458-4C35-82A8-7527BCA4C057}.Release|x64.Build.0 = Release|x64
		{66353ACE-6458-4C35-82A8-7527BCA4C057}.Release|x86.ActiveCfg = Release|Win32
		{66353ACE-6458-4C35-82A8-7527BCA4C057}.Release|x86.Build.0 = Release|Win32
		{8DEDD755-670A-42D4-B128-AB455CC5841E}.Debug|x64.ActiveCfg = Debug|x64
		{8DEDD755-670A-42D4-B128-AB455CC5841E}.Debug|x64.Build.0 = Debug|x64
		{8DEDD755-670A-42D4-B128-AB455CC5841E}.Debug|x86.ActiveCfg = Debug|Win32
		{8DEDD755-670A-42D4-B128-AB455CC5841E}.Debug|x86.Build.0 = Debug|Win32
		{8DEDD755-670A-42D4-B128-AB455CC5841E}.Release|x64.ActiveCfg = Release|x64
		{8DEDD755-670A-42D4-B128-AB455CC5841E}.Release|x64.Build.0 = Release|x64
		{8DEDD755-670A-42D4-B128-AB455CC5841E}.Release|x86.ActiveCfg = Release|Win32
		{8DEDD755-670A-42D4-B128-AB455CC5841E}.Release|x86.Build.0 = Release|Win32
		{E05407E2-FAE8-46CC-8EEF-E254C133F099}.Debug|x64.ActiveCfg = Debug|x64
		{E05407E2-FAE8-46CC-8EEF-E254C133F099}.Debug|x64.Build.0 = Debug|x64
		{E05407E2-FAE8-46CC-8EEF-E254C133F099}.Debug|x86.ActiveCfg = Debug|Win32
		{E05407E2-FAE8-46CC-8EEF-E254C133F099}.Debug|x86.Build.0 = Debug|Win32
		{E05407E2-FAE8-46CC-8EEF-E254C133F099}.Release|x64.ActiveCfg = Release|x64
		{E05407E2-FAE8-46CC-8EEF-E254C133F099}.Release|x64.Build.0 = Release|x64
		{E05407E2-FAE8-46CC-8EEF-E254C133F099}.Release|x86.ActiveCfg = Release|Win32
		{E05407E2-FAE8-46CC-8EEF-E254C133F099}.Release|x86.Build.0 = Release|Win32
		{BD81E7CC-3785-4E3F-8E83-652176DEBC2A}.Debug|x64.ActiveCfg = Debug|x64
		{BD81E7CC-3785-4E3F-8E83-652176DEBC2A}.Debug|x64.Build.0 = Debug|x64
		{BD81E7CC-3785-4E3F-8E83-652176DEBC2A}.Debug|x86.ActiveCfg = Debug|Win32
		{BD81E7CC-3785-4E3F-8E83-652176DEBC2A}.Debug|x86.Build.0 = Debug|Win32
		{BD81E7CC-3785-4E3F-8E83-652176DEBC2A}.Release|x64.ActiveCfg = Release|x64
		{BD81E7CC-3785-4E3F-8E83-652176DEBC2A}.Release|x64.Build.0 = Release|x64
		{BD81E7CC-3785-4E3F-8E83-652176DEBC2A}.Release|x86.ActiveCfg = Release|Win32
		{BD81E7CC-3785-4E3F-8E83-652176DEBC2A}.Release|x86.Build.0 = Release|Win32
		{BA4ABE9D-53A5-413E-892F-AF89771526F6}.Debug|x64.ActiveCfg = Debug|x64
		{BA4ABE9D-53A5-413E-892F-AF89771526F6}.Debug|x64.Build.0 = Debug|x64
		{BA4ABE9D-53A5-413E-892F-AF89771526F6}.Debug|x86.ActiveCfg = Debug|Win32
		{BA4ABE9D-53A5-413E-892F-AF89771526F6}.Debug|x86.Build.0 = Debug|Win32
		{BA4ABE9D-53A5-413E-892F-AF89771526F6}.Release|x64.ActiveCfg = Release|x64
		{BA4ABE9D-53A5-413E-892F-AF89771526F6}.Release|x64.Build.0 = Release|x64
		{BA4ABE9D-53A5-413E-892F-AF89771526F6}.Release|x86.ActiveCfg = Release|Win32
		{BA4ABE9D-53A5-413E-892F-AF89771526F6}.Release|x86.Build.0 = Release|Win32
		{641F22B8-AA8C-46F9-823D-D7291E220E0B}.Debug|x64.ActiveCfg = Debug|x64
		{641F22B8-AA8C-46F9-823D-D7291E220E0B}.Debug|x64.Build.0 = Debug|x64
		{641F22B8-AA8C-46F9-823D-D7291E220E0B}.Debug|x86.ActiveCfg = Debug|Win32
		{641F22B8-AA8C-46F9-823D-D7291E220E0B}.Debug|x86.Build.0 = Debug|Win32
		{641F22B8-AA8C-46F9-823D-D7291E220E0B}.Release|x64.ActiveCfg = Release|x64
		{641F22B8-AA8C-46F9-823D-D7291E220E0B}.Release|x64.Build.0 = Release|x64
		{641F22B8-AA8C-46F9-823D-D7291E220E0B}.Release|x86.ActiveCfg = Release|Win32
		{641F22B8-AA8C-46F9-823D-D7291E220E0B}.Release|x86.Build.0 = Release|Win32
	EndGlobalSection
	GlobalSection(SolutionProperties) = preSolution
		HideSolutionNode = FALSE
	EndGlobalSection
	GlobalSection(ExtensibilityGlobals) = postSolution
		SolutionGuid = {1E1C0BAC-0D43-4806-B5EA-91F285238CF3}
	EndGlobalSection
EndGlobal
